<?xml version="1.0" encoding="UTF-8"?>
<CONFIG>
  <ProjectOptions>
    <Version Value="9"/>
    <PathDelim Value="\"/>
    <General>
      <Flags>
        <MainUnitHasCreateFormStatements Value="False"/>
        <MainUnitHasTitleStatement Value="False"/>
      </Flags>
      <MainUnit Value="0"/>
      <ResourceType Value="res"/>
      <UseXPManifest Value="True"/>
      <ActiveWindowIndexAtStart Value="0"/>
    </General>
    <i18n>
      <EnableI18N LFM="False"/>
    </i18n>
    <VersionInfo>
      <StringTable ProductVersion=""/>
    </VersionInfo>
    <BuildModes Count="1" Active="Default">
      <Item1 Name="Default" Default="True"/>
    </BuildModes>
    <PublishOptions>
      <Version Value="2"/>
      <IncludeFileFilter Value="*.(pas|pp|inc|lfm|lpr|lrs|lpi|lpk|sh|xml)"/>
      <ExcludeFileFilter Value="*.(bak|ppu|o|so);*~;backup"/>
    </PublishOptions>
    <RunParams>
      <local>
        <FormatVersion Value="1"/>
      </local>
    </RunParams>
    <RequiredPackages Count="1">
      <Item1>
        <PackageName Value="LCL"/>
      </Item1>
    </RequiredPackages>
    <Units Count="31">
      <Unit0>
        <Filename Value="sps.lpr"/>
        <IsPartOfProject Value="True"/>
        <UnitName Value="sps"/>
        <EditorIndex Value="0"/>
        <WindowIndex Value="0"/>
        <TopLine Value="95"/>
        <CursorPos X="27" Y="101"/>
        <UsageCount Value="53"/>
        <Loaded Value="True"/>
      </Unit0>
      <Unit1>
        <Filename Value="C:\Lazarus\fpc\2.6.0\source\rtl\win\sysutils.pp"/>
        <UnitName Value="sysutils"/>
        <WindowIndex Value="0"/>
        <TopLine Value="1"/>
        <CursorPos X="1" Y="1"/>
        <UsageCount Value="8"/>
      </Unit1>
      <Unit2>
        <Filename Value="C:\Lazarus\lcl\fileutil.pas"/>
        <UnitName Value="FileUtil"/>
        <WindowIndex Value="0"/>
        <TopLine Value="1"/>
        <CursorPos X="1" Y="1"/>
        <UsageCount Value="8"/>
      </Unit2>
      <Unit3>
        <Filename Value="C:\Lazarus\fpc\2.6.0\source\rtl\objpas\math.pp"/>
        <UnitName Value="math"/>
        <WindowIndex Value="0"/>
        <TopLine Value="1"/>
        <CursorPos X="1" Y="1"/>
        <UsageCount Value="8"/>
      </Unit3>
      <Unit4>
        <Filename Value="C:\Lazarus\lcl\interfaces\win32\interfaces.pp"/>
        <UnitName Value="Interfaces"/>
        <WindowIndex Value="0"/>
        <TopLine Value="1"/>
        <CursorPos X="1" Y="1"/>
        <UsageCount Value="8"/>
      </Unit4>
      <Unit5>
        <Filename Value="C:\Simba Source\Units\MMLCore\bitmaps.pas"/>
        <IsPartOfProject Value="True"/>
        <UnitName Value="bitmaps"/>
        <WindowIndex Value="0"/>
        <TopLine Value="50"/>
        <CursorPos X="20" Y="136"/>
        <UsageCount Value="53"/>
      </Unit5>
      <Unit6>
        <Filename Value="C:\Simba Source\Units\MMLCore\mufasatypes.pas"/>
        <IsPartOfProject Value="True"/>
        <UnitName Value="MufasaTypes"/>
        <WindowIndex Value="0"/>
        <TopLine Value="1"/>
        <CursorPos X="1" Y="1"/>
        <UsageCount Value="53"/>
      </Unit6>
      <Unit7>
        <Filename Value="C:\Simba Source\Units\MMLCore\os_windows.pas"/>
        <UnitName Value="os_windows"/>
        <WindowIndex Value="0"/>
        <TopLine Value="17"/>
        <CursorPos X="94" Y="30"/>
        <UsageCount Value="8"/>
      </Unit7>
      <Unit8>
        <Filename Value="C:\Simba Source\Units\MMLCore\colour_conv.pas"/>
        <IsPartOfProject Value="True"/>
        <UnitName Value="colour_conv"/>
        <WindowIndex Value="0"/>
        <TopLine Value="34"/>
        <CursorPos X="1" Y="1"/>
        <UsageCount Value="52"/>
      </Unit8>
      <Unit9>
        <Filename Value="..\..\..\..\lazarus\lcl\fileutil.pas"/>
        <UnitName Value="FileUtil"/>
        <WindowIndex Value="0"/>
        <TopLine Value="1"/>
        <CursorPos X="45" Y="29"/>
        <UsageCount Value="8"/>
      </Unit9>
      <Unit10>
        <Filename Value="Simba\Units\MMLCore\os_linux.pas"/>
        <UnitName Value="os_linux"/>
        <WindowIndex Value="0"/>
        <TopLine Value="24"/>
        <CursorPos X="76" Y="45"/>
        <UsageCount Value="8"/>
      </Unit10>
      <Unit11>
        <Filename Value="Simba\Units\MMLCore\mufasabase.pas"/>
        <UnitName Value="mufasabase"/>
        <WindowIndex Value="0"/>
        <TopLine Value="13"/>
        <CursorPos X="81" Y="45"/>
        <UsageCount Value="8"/>
      </Unit11>
      <Unit12>
        <Filename Value="C:\lazarus\lcl\lclproc.pas"/>
        <UnitName Value="LCLProc"/>
        <WindowIndex Value="0"/>
        <TopLine Value="16"/>
        <CursorPos X="28" Y="34"/>
        <UsageCount Value="8"/>
      </Unit12>
      <Unit13>
        <Filename Value="Simba\Units\MMLCore\bitmaps.pas"/>
        <UnitName Value="bitmaps"/>
        <WindowIndex Value="0"/>
        <TopLine Value="1113"/>
        <CursorPos X="9" Y="1125"/>
        <UsageCount Value="9"/>
      </Unit13>
      <Unit14>
        <Filename Value="legacy.pas"/>
        <IsPartOfProject Value="True"/>
        <UnitName Value="Legacy"/>
        <WindowIndex Value="0"/>
        <TopLine Value="134"/>
        <CursorPos X="1" Y="162"/>
        <UsageCount Value="52"/>
      </Unit14>
      <Unit15>
        <Filename Value="cv.pas"/>
        <IsPartOfProject Value="True"/>
        <UnitName Value="CV"/>
        <WindowIndex Value="0"/>
        <TopLine Value="44"/>
        <CursorPos X="1" Y="80"/>
        <UsageCount Value="52"/>
      </Unit15>
      <Unit16>
        <Filename Value="C:\lazarus\fpc\2.6.4\source\rtl\inc\dynlibs.pas"/>
        <UnitName Value="dynlibs"/>
        <WindowIndex Value="0"/>
        <TopLine Value="31"/>
        <CursorPos X="1" Y="1"/>
        <UsageCount Value="10"/>
      </Unit16>
      <Unit17>
        <Filename Value="C:\lazarus\fpc\2.6.4\source\rtl\win\dynlibs.inc"/>
        <WindowIndex Value="0"/>
        <TopLine Value="1"/>
        <CursorPos X="15" Y="29"/>
        <UsageCount Value="10"/>
      </Unit17>
      <Unit18>
        <Filename Value="C:\lazarus\fpc\2.6.4\source\rtl\win\crt.pp"/>
        <UnitName Value="crt"/>
        <WindowIndex Value="0"/>
        <TopLine Value="109"/>
        <CursorPos X="1" Y="1"/>
        <UsageCount Value="10"/>
      </Unit18>
      <Unit19>
        <Filename Value="C:\lazarus\fpc\2.6.4\source\rtl\inc\crth.inc"/>
        <WindowIndex Value="0"/>
        <TopLine Value="36"/>
        <CursorPos X="3" Y="60"/>
        <UsageCount Value="8"/>
      </Unit19>
      <Unit20>
        <Filename Value="C:\lazarus\fpc\2.6.4\source\rtl\win\wininc\redef.inc"/>
        <WindowIndex Value="0"/>
        <TopLine Value="952"/>
        <CursorPos X="10" Y="969"/>
        <UsageCount Value="8"/>
      </Unit20>
      <Unit21>
        <Filename Value="cvutils.pas"/>
        <IsPartOfProject Value="True"/>
        <UnitName Value="CVUtils"/>
        <WindowIndex Value="0"/>
        <TopLine Value="1"/>
        <CursorPos X="36" Y="22"/>
        <UsageCount Value="47"/>
      </Unit21>
      <Unit22>
        <Filename Value="Simba\Units\MMLCore\mufasatypes.pas"/>
        <UnitName Value="MufasaTypes"/>
        <WindowIndex Value="0"/>
        <TopLine Value="145"/>
        <CursorPos X="1" Y="1"/>
        <UsageCount Value="9"/>
      </Unit22>
      <Unit23>
        <Filename Value="sps_t2dsinglearray.pas"/>
        <IsPartOfProject Value="True"/>
        <UnitName Value="SPS_T2DSingleArray"/>
        <WindowIndex Value="0"/>
        <TopLine Value="131"/>
        <CursorPos X="1" Y="139"/>
        <UsageCount Value="42"/>
      </Unit23>
      <Unit24>
        <Filename Value="C:\lazarus\fpc\2.6.4\source\rtl\objpas\types.pp"/>
        <UnitName Value="types"/>
        <WindowIndex Value="0"/>
        <TopLine Value="443"/>
        <CursorPos X="1" Y="1"/>
        <UsageCount Value="9"/>
      </Unit24>
      <Unit25>
        <Filename Value="spstypes.pas"/>
        <IsPartOfProject Value="True"/>
        <UnitName Value="spsTypes"/>
        <IsVisibleTab Value="True"/>
        <EditorIndex Value="3"/>
        <WindowIndex Value="0"/>
        <TopLine Value="1"/>
        <CursorPos X="42" Y="13"/>
        <UsageCount Value="41"/>
        <Loaded Value="True"/>
      </Unit25>
      <Unit26>
        <Filename Value="spsarrays.pas"/>
        <IsPartOfProject Value="True"/>
        <UnitName Value="spsArrays"/>
        <EditorIndex Value="2"/>
        <WindowIndex Value="0"/>
        <TopLine Value="1"/>
        <CursorPos X="17" Y="198"/>
        <UsageCount Value="41"/>
        <Loaded Value="True"/>
      </Unit26>
      <Unit27>
        <Filename Value="spslegacy.pas"/>
        <IsPartOfProject Value="True"/>
        <UnitName Value="spsLegacy"/>
        <EditorIndex Value="4"/>
        <WindowIndex Value="0"/>
        <TopLine Value="1"/>
        <CursorPos X="12" Y="97"/>
        <UsageCount Value="39"/>
        <Loaded Value="True"/>
      </Unit27>
      <Unit28>
        <Filename Value="spscv.pas"/>
        <IsPartOfProject Value="True"/>
        <UnitName Value="spsCv"/>
        <EditorIndex Value="1"/>
        <WindowIndex Value="0"/>
        <TopLine Value="1"/>
        <CursorPos X="1" Y="83"/>
        <UsageCount Value="27"/>
        <Loaded Value="True"/>
      </Unit28>
      <Unit29>
        <Filename Value="C:\lazarus\fpc\2.6.4\source\rtl\inc\heaph.inc"/>
        <WindowIndex Value="0"/>
        <TopLine Value="40"/>
        <CursorPos X="30" Y="44"/>
        <UsageCount Value="10"/>
      </Unit29>
      <Unit30>
        <Filename Value="unit1.pas"/>
        <IsPartOfProject Value="True"/>
        <UnitName Value="Unit1"/>
        <WindowIndex Value="0"/>
        <TopLine Value="1"/>
        <CursorPos X="36" Y="5"/>
        <UsageCount Value="23"/>
      </Unit30>
    </Units>
    <JumpHistory Count="30" HistoryIndex="29">
      <Position1>
        <Filename Value="spscv.pas"/>
        <Caret Line="99" Column="16" TopLine="79"/>
      </Position1>
      <Position2>
        <Filename Value="spscv.pas"/>
        <Caret Line="102" Column="15" TopLine="78"/>
      </Position2>
      <Position3>
        <Filename Value="spscv.pas"/>
        <Caret Line="87" Column="52" TopLine="78"/>
      </Position3>
      <Position4>
        <Filename Value="spscv.pas"/>
        <Caret Line="96" Column="5" TopLine="82"/>
      </Position4>
      <Position5>
        <Filename Value="spscv.pas"/>
        <Caret Line="108" Column="12" TopLine="85"/>
      </Position5>
      <Position6>
        <Filename Value="spscv.pas"/>
        <Caret Line="84" Column="23" TopLine="67"/>
      </Position6>
      <Position7>
        <Filename Value="spscv.pas"/>
        <Caret Line="131" Column="22" TopLine="116"/>
      </Position7>
      <Position8>
        <Filename Value="spscv.pas"/>
        <Caret Line="13" Column="43" TopLine="2"/>
      </Position8>
      <Position9>
        <Filename Value="spscv.pas"/>
        <Caret Line="16" Column="31" TopLine="1"/>
      </Position9>
      <Position10>
        <Filename Value="spscv.pas"/>
        <Caret Line="136" Column="29" TopLine="116"/>
      </Position10>
      <Position11>
        <Filename Value="spscv.pas"/>
        <Caret Line="133" Column="21" TopLine="117"/>
      </Position11>
      <Position12>
        <Filename Value="spscv.pas"/>
        <Caret Line="139" Column="23" TopLine="117"/>
      </Position12>
      <Position13>
        <Filename Value="spscv.pas"/>
        <Caret Line="136" Column="22" TopLine="118"/>
      </Position13>
      <Position14>
        <Filename Value="spscv.pas"/>
        <Caret Line="140" Column="14" TopLine="118"/>
      </Position14>
      <Position15>
        <Filename Value="spscv.pas"/>
        <Caret Line="22" Column="94" TopLine="10"/>
      </Position15>
      <Position16>
        <Filename Value="spscv.pas"/>
        <Caret Line="5" Column="36" TopLine="1"/>
      </Position16>
      <Position17>
        <Filename Value="spscv.pas"/>
        <Caret Line="1" Column="12" TopLine="1"/>
      </Position17>
      <Position18>
        <Filename Value="spscv.pas"/>
        <Caret Line="11" Column="15" TopLine="1"/>
      </Position18>
      <Position19>
        <Filename Value="spscv.pas"/>
        <Caret Line="5" Column="36" TopLine="1"/>
      </Position19>
      <Position20>
        <Filename Value="sps.lpr"/>
        <Caret Line="102" Column="6" TopLine="95"/>
      </Position20>
      <Position21>
        <Filename Value="spscv.pas"/>
        <Caret Line="25" Column="109" TopLine="10"/>
      </Position21>
      <Position22>
        <Filename Value="sps.lpr"/>
        <Caret Line="119" Column="44" TopLine="101"/>
      </Position22>
      <Position23>
        <Filename Value="sps.lpr"/>
        <Caret Line="80" Column="110" TopLine="63"/>
      </Position23>
      <Position24>
        <Filename Value="sps.lpr"/>
        <Caret Line="100" Column="48" TopLine="95"/>
      </Position24>
      <Position25>
        <Filename Value="sps.lpr"/>
        <Caret Line="126" Column="5" TopLine="87"/>
      </Position25>
      <Position26>
        <Filename Value="sps.lpr"/>
        <Caret Line="78" Column="10" TopLine="69"/>
      </Position26>
      <Position27>
        <Filename Value="sps.lpr"/>
        <Caret Line="18" Column="14" TopLine="7"/>
      </Position27>
      <Position28>
        <Filename Value="sps.lpr"/>
        <Caret Line="126" Column="5" TopLine="98"/>
      </Position28>
      <Position29>
        <Filename Value="sps.lpr"/>
        <Caret Line="12" Column="44" TopLine="4"/>
      </Position29>
      <Position30>
        <Filename Value="sps.lpr"/>
        <Caret Line="127" Column="1" TopLine="120"/>
      </Position30>
    </JumpHistory>
  </ProjectOptions>
  <CompilerOptions>
    <Version Value="11"/>
    <PathDelim Value="\"/>
    <Target>
      <Filename Value="sps"/>
    </Target>
    <SearchPaths>
      <IncludeFiles Value="$(ProjOutDir);Simba\Projects\Simba"/>
      <OtherUnitFiles Value="$(LazarusDir)\lcl\units\$(TargetCPU)-$(TargetOS);$(LazarusDir)\lcl\units\$(TargetCPU)-$(TargetOS)\$(LCLWidgetType);$(LazarusDir)\components\mouseandkeyinput;Simba\Units\MMLCore;Simba\Units\Misc\DCPCrypt"/>
      <UnitOutputDirectory Value="lib\$(TargetCPU)-$(TargetOS)"/>
    </SearchPaths>
    <Parsing>
      <SyntaxOptions>
        <AllowLabel Value="False"/>
      </SyntaxOptions>
    </Parsing>
    <CodeGeneration>
      <Optimizations>
        <OptimizationLevel Value="2"/>
      </Optimizations>
    </CodeGeneration>
    <Linking>
      <Debugging>
        <GenerateDebugInfo Value="False"/>
        <UseLineInfoUnit Value="False"/>
        <StripSymbols Value="True"/>
      </Debugging>
      <LinkSmart Value="True"/>
      <Options>
        <ExecutableType Value="Library"/>
      </Options>
    </Linking>
    <Other>
      <CompilerMessages>
        <UseMsgFile Value="True"/>
      </CompilerMessages>
      <CustomOptions Value="-fPIC"/>
      <CompilerPath Value="$(CompPath)"/>
    </Other>
  </CompilerOptions>
  <Debugging>
    <Exceptions Count="3">
      <Item1>
        <Name Value="EAbort"/>
      </Item1>
      <Item2>
        <Name Value="ECodetoolError"/>
      </Item2>
      <Item3>
        <Name Value="EFOpenError"/>
      </Item3>
    </Exceptions>
  </Debugging>
  <EditorMacros Count="0"/>
</CONFIG>
